
Microsoft Visual Studio Solution File, Format Version 12.00
# Visual Studio 15
VisualStudioVersion = 15.0.26124.0
MinimumVisualStudioVersion = 15.0.26124.0
Project("{FAE04EC0-301F-11D3-BF4B-00C04F79EFBC}") = "TestCommon", "..\TestCommon\TestCommon.csproj", "{0EF9C1B8-A1C0-4297-AB8C-D374EEFD9141}"
EndProject
Project("{FAE04EC0-301F-11D3-BF4B-00C04F79EFBC}") = "A1", "A1\A1.csproj", "{EFFD986C-68BE-4551-8812-533E0E35FA8F}"
EndProject
Project("{FAE04EC0-301F-11D3-BF4B-00C04F79EFBC}") = "A1.Tests", "A1.Tests\A1.Tests.csproj", "{4E3EAE54-F930-4409-AD76-7439721C5B28}"
EndProject
Global
	GlobalSection(SolutionConfigurationPlatforms) = preSolution
		Debug|Any CPU = Debug|Any CPU
		Debug|x64 = Debug|x64
		Debug|x86 = Debug|x86
		Release|Any CPU = Release|Any CPU
		Release|x64 = Release|x64
		Release|x86 = Release|x86
	EndGlobalSection
	GlobalSection(SolutionProperties) = preSolution
		HideSolutionNode = FALSE
	EndGlobalSection
	GlobalSection(ProjectConfigurationPlatforms) = postSolution
		{0EF9C1B8-A1C0-4297-AB8C-D374EEFD9141}.Debug|Any CPU.ActiveCfg = Debug|Any CPU
		{0EF9C1B8-A1C0-4297-AB8C-D374EEFD9141}.Debug|Any CPU.Build.0 = Debug|Any CPU
		{0EF9C1B8-A1C0-4297-AB8C-D374EEFD9141}.Debug|x64.ActiveCfg = Debug|Any CPU
		{0EF9C1B8-A1C0-4297-AB8C-D374EEFD9141}.Debug|x64.Build.0 = Debug|Any CPU
		{0EF9C1B8-A1C0-4297-AB8C-D374EEFD9141}.Debug|x86.ActiveCfg = Debug|Any CPU
		{0EF9C1B8-A1C0-4297-AB8C-D374EEFD9141}.Debug|x86.Build.0 = Debug|Any CPU
		{0EF9C1B8-A1C0-4297-AB8C-D374EEFD9141}.Release|Any CPU.ActiveCfg = Release|Any CPU
		{0EF9C1B8-A1C0-4297-AB8C-D374EEFD9141}.Release|Any CPU.Build.0 = Release|Any CPU
		{0EF9C1B8-A1C0-4297-AB8C-D374EEFD9141}.Release|x64.ActiveCfg = Release|Any CPU
		{0EF9C1B8-A1C0-4297-AB8C-D374EEFD9141}.Release|x64.Build.0 = Release|Any CPU
		{0EF9C1B8-A1C0-4297-AB8C-D374EEFD9141}.Release|x86.ActiveCfg = Release|Any CPU
		{0EF9C1B8-A1C0-4297-AB8C-D374EEFD9141}.Release|x86.Build.0 = Release|Any CPU
		{EFFD986C-68BE-4551-8812-533E0E35FA8F}.Debug|Any CPU.ActiveCfg = Debug|Any CPU
		{EFFD986C-68BE-4551-8812-533E0E35FA8F}.Debug|Any CPU.Build.0 = Debug|Any CPU
		{EFFD986C-68BE-4551-8812-533E0E35FA8F}.Debug|x64.ActiveCfg = Debug|Any CPU
		{EFFD986C-68BE-4551-8812-533E0E35FA8F}.Debug|x64.Build.0 = Debug|Any CPU
		{EFFD986C-68BE-4551-8812-533E0E35FA8F}.Debug|x86.ActiveCfg = Debug|Any CPU
		{EFFD986C-68BE-4551-8812-533E0E35FA8F}.Debug|x86.Build.0 = Debug|Any CPU
		{EFFD986C-68BE-4551-8812-533E0E35FA8F}.Release|Any CPU.ActiveCfg = Release|Any CPU
		{EFFD986C-68BE-4551-8812-533E0E35FA8F}.Release|Any CPU.Build.0 = Release|Any CPU
		{EFFD986C-68BE-4551-8812-533E0E35FA8F}.Release|x64.ActiveCfg = Release|Any CPU
		{EFFD986C-68BE-4551-8812-533E0E35FA8F}.Release|x64.Build.0 = Release|Any CPU
		{EFFD986C-68BE-4551-8812-533E0E35FA8F}.Release|x86.ActiveCfg = Release|Any CPU
		{EFFD986C-68BE-4551-8812-533E0E35FA8F}.Release|x86.Build.0 = Release|Any CPU
		{4E3EAE54-F930-4409-AD76-7439721C5B28}.Debug|Any CPU.ActiveCfg = Debug|Any CPU
		{4E3EAE54-F930-4409-AD76-7439721C5B28}.Debug|Any CPU.Build.0 = Debug|Any CPU
		{4E3EAE54-F930-4409-AD76-7439721C5B28}.Debug|x64.ActiveCfg = Debug|Any CPU
		{4E3EAE54-F930-4409-AD76-7439721C5B28}.Debug|x64.Build.0 = Debug|Any CPU
		{4E3EAE54-F930-4409-AD76-7439721C5B28}.Debug|x86.ActiveCfg = Debug|Any CPU
		{4E3EAE54-F930-4409-AD76-7439721C5B28}.Debug|x86.Build.0 = Debug|Any CPU
		{4E3EAE54-F930-4409-AD76-7439721C5B28}.Release|Any CPU.ActiveCfg = Release|Any CPU
		{4E3EAE54-F930-4409-AD76-7439721C5B28}.Release|Any CPU.Build.0 = Release|Any CPU
		{4E3EAE54-F930-4409-AD76-7439721C5B28}.Release|x64.ActiveCfg = Release|Any CPU
		{4E3EAE54-F930-4409-AD76-7439721C5B28}.Release|x64.Build.0 = Release|Any CPU
		{4E3EAE54-F930-4409-AD76-7439721C5B28}.Release|x86.ActiveCfg = Release|Any CPU
		{4E3EAE54-F930-4409-AD76-7439721C5B28}.Release|x86.Build.0 = Release|Any CPU
	EndGlobalSection
EndGlobal
